
Microsoft Visual Studio Solution File, Format Version 12.00
# Visual Studio 2013
VisualStudioVersion = 12.0.30501.0
MinimumVisualStudioVersion = 10.0.40219.1
Project("{FAE04EC0-301F-11D3-BF4B-00C04F79EFBC}") = "PodkidnoiDurakGame", "PodkidnoiDurakGame\PodkidnoiDurakGame.csproj", "{7B259DF9-8F0C-4FA6-9ABF-E33C84E39783}"
EndProject
Global
	GlobalSection(SolutionConfigurationPlatforms) = preSolution
		Debug|x86 = Debug|x86
		Release|x86 = Release|x86
	EndGlobalSection
	GlobalSection(ProjectConfigurationPlatforms) = postSolution
		{7B259DF9-8F0C-4FA6-9ABF-E33C84E39783}.Debug|x86.ActiveCfg = Debug|x86
		{7B259DF9-8F0C-4FA6-9ABF-E33C84E39783}.Debug|x86.Build.0 = Debug|x86
		{7B259DF9-8F0C-4FA6-9ABF-E33C84E39783}.Release|x86.ActiveCfg = Release|x86
		{7B259DF9-8F0C-4FA6-9ABF-E33C84E39783}.Release|x86.Build.0 = Release|x86
	EndGlobalSection
	GlobalSection(SolutionProperties) = preSolution
		HideSolutionNode = FALSE
	EndGlobalSection
EndGlobal
